// !$*UTF8*$!
{
	archiveVersion = 1;
	classes = {
	};
	objectVersion = 50;
	objects = {

/* Begin PBXBuildFile section */
		1DF0C4F267FEFCA69C87E8E0 /* Pods_dogPhotosUITests.framework in Frameworks */ = {isa = PBXBuildFile; fileRef = 85348B67CA5968F2DAE75AEE /* Pods_dogPhotosUITests.framework */; };
		90D33C596F8B63653B4881D7 /* Pods_dogPhotos.framework in Frameworks */ = {isa = PBXBuildFile; fileRef = 3D17A3A7CB9CE62989852EB1 /* Pods_dogPhotos.framework */; };
		D436910D21D81D830061F0F6 /* AppDelegate.swift in Sources */ = {isa = PBXBuildFile; fileRef = D436910C21D81D830061F0F6 /* AppDelegate.swift */; };
		D436910F21D81D830061F0F6 /* DogPhotoVC.swift in Sources */ = {isa = PBXBuildFile; fileRef = D436910E21D81D830061F0F6 /* DogPhotoVC.swift */; };
		D436911221D81D830061F0F6 /* Main.storyboard in Resources */ = {isa = PBXBuildFile; fileRef = D436911021D81D830061F0F6 /* Main.storyboard */; };
		D436911421D81D850061F0F6 /* Assets.xcassets in Resources */ = {isa = PBXBuildFile; fileRef = D436911321D81D850061F0F6 /* Assets.xcassets */; };
		D436911721D81D850061F0F6 /* LaunchScreen.storyboard in Resources */ = {isa = PBXBuildFile; fileRef = D436911521D81D850061F0F6 /* LaunchScreen.storyboard */; };
		D436912221D81D850061F0F6 /* dogPhotosTests.swift in Sources */ = {isa = PBXBuildFile; fileRef = D436912121D81D850061F0F6 /* dogPhotosTests.swift */; };
		D436912D21D81D850061F0F6 /* dogPhotosUITests.swift in Sources */ = {isa = PBXBuildFile; fileRef = D436912C21D81D850061F0F6 /* dogPhotosUITests.swift */; };
		D436913C21D821180061F0F6 /* dog.jpg in Resources */ = {isa = PBXBuildFile; fileRef = D436913B21D821180061F0F6 /* dog.jpg */; };
		F2C8A271F39B50C4FD36F52B /* Pods_dogPhotosTests.framework in Frameworks */ = {isa = PBXBuildFile; fileRef = 8C3B3FCD442ECD83651BD611 /* Pods_dogPhotosTests.framework */; };
/* End PBXBuildFile section */

/* Begin PBXContainerItemProxy section */
		D436911E21D81D850061F0F6 /* PBXContainerItemProxy */ = {
			isa = PBXContainerItemProxy;
			containerPortal = D436910121D81D830061F0F6 /* Project object */;
			proxyType = 1;
			remoteGlobalIDString = D436910821D81D830061F0F6;
			remoteInfo = dogPhotos;
		};
		D436912921D81D850061F0F6 /* PBXContainerItemProxy */ = {
			isa = PBXContainerItemProxy;
			containerPortal = D436910121D81D830061F0F6 /* Project object */;
			proxyType = 1;
			remoteGlobalIDString = D436910821D81D830061F0F6;
			remoteInfo = dogPhotos;
		};
/* End PBXContainerItemProxy section */

/* Begin PBXFileReference section */
		1B72B97E2017D12519FE502C /* Pods-dogPhotosUITests.release.xcconfig */ = {isa = PBXFileReference; includeInIndex = 1; lastKnownFileType = text.xcconfig; name = "Pods-dogPhotosUITests.release.xcconfig"; path = "Pods/Target Support Files/Pods-dogPhotosUITests/Pods-dogPhotosUITests.release.xcconfig"; sourceTree = "<group>"; };
		3D17A3A7CB9CE62989852EB1 /* Pods_dogPhotos.framework */ = {isa = PBXFileReference; explicitFileType = wrapper.framework; includeInIndex = 0; path = Pods_dogPhotos.framework; sourceTree = BUILT_PRODUCTS_DIR; };
		40994F6AE6E55782C4F63F19 /* Pods-dogPhotosTests.release.xcconfig */ = {isa = PBXFileReference; includeInIndex = 1; lastKnownFileType = text.xcconfig; name = "Pods-dogPhotosTests.release.xcconfig"; path = "Pods/Target Support Files/Pods-dogPhotosTests/Pods-dogPhotosTests.release.xcconfig"; sourceTree = "<group>"; };
		6E60605BE97E488A697E07C7 /* Pods-dogPhotosUITests.debug.xcconfig */ = {isa = PBXFileReference; includeInIndex = 1; lastKnownFileType = text.xcconfig; name = "Pods-dogPhotosUITests.debug.xcconfig"; path = "Pods/Target Support Files/Pods-dogPhotosUITests/Pods-dogPhotosUITests.debug.xcconfig"; sourceTree = "<group>"; };
		85348B67CA5968F2DAE75AEE /* Pods_dogPhotosUITests.framework */ = {isa = PBXFileReference; explicitFileType = wrapper.framework; includeInIndex = 0; path = Pods_dogPhotosUITests.framework; sourceTree = BUILT_PRODUCTS_DIR; };
		89CC1ECB84B1760C015E3D5E /* Pods-dogPhotosTests.debug.xcconfig */ = {isa = PBXFileReference; includeInIndex = 1; lastKnownFileType = text.xcconfig; name = "Pods-dogPhotosTests.debug.xcconfig"; path = "Pods/Target Support Files/Pods-dogPhotosTests/Pods-dogPhotosTests.debug.xcconfig"; sourceTree = "<group>"; };
		8C3B3FCD442ECD83651BD611 /* Pods_dogPhotosTests.framework */ = {isa = PBXFileReference; explicitFileType = wrapper.framework; includeInIndex = 0; path = Pods_dogPhotosTests.framework; sourceTree = BUILT_PRODUCTS_DIR; };
		CCBE94CB3FC58E30AA0D5886 /* Pods-dogPhotos.debug.xcconfig */ = {isa = PBXFileReference; includeInIndex = 1; lastKnownFileType = text.xcconfig; name = "Pods-dogPhotos.debug.xcconfig"; path = "Pods/Target Support Files/Pods-dogPhotos/Pods-dogPhotos.debug.xcconfig"; sourceTree = "<group>"; };
		D436910921D81D830061F0F6 /* dogPhotos.app */ = {isa = PBXFileReference; explicitFileType = wrapper.application; includeInIndex = 0; path = dogPhotos.app; sourceTree = BUILT_PRODUCTS_DIR; };
		D436910C21D81D830061F0F6 /* AppDelegate.swift */ = {isa = PBXFileReference; lastKnownFileType = sourcecode.swift; path = AppDelegate.swift; sourceTree = "<group>"; };
		D436910E21D81D830061F0F6 /* DogPhotoVC.swift */ = {isa = PBXFileReference; lastKnownFileType = sourcecode.swift; path = DogPhotoVC.swift; sourceTree = "<group>"; };
		D436911121D81D830061F0F6 /* Base */ = {isa = PBXFileReference; lastKnownFileType = file.storyboard; name = Base; path = Base.lproj/Main.storyboard; sourceTree = "<group>"; };
		D436911321D81D850061F0F6 /* Assets.xcassets */ = {isa = PBXFileReference; lastKnownFileType = folder.assetcatalog; path = Assets.xcassets; sourceTree = "<group>"; };
		D436911621D81D850061F0F6 /* Base */ = {isa = PBXFileReference; lastKnownFileType = file.storyboard; name = Base; path = Base.lproj/LaunchScreen.storyboard; sourceTree = "<group>"; };
		D436911821D81D850061F0F6 /* Info.plist */ = {isa = PBXFileReference; lastKnownFileType = text.plist.xml; path = Info.plist; sourceTree = "<group>"; };
		D436911D21D81D850061F0F6 /* dogPhotosTests.xctest */ = {isa = PBXFileReference; explicitFileType = wrapper.cfbundle; includeInIndex = 0; path = dogPhotosTests.xctest; sourceTree = BUILT_PRODUCTS_DIR; };
		D436912121D81D850061F0F6 /* dogPhotosTests.swift */ = {isa = PBXFileReference; lastKnownFileType = sourcecode.swift; path = dogPhotosTests.swift; sourceTree = "<group>"; };
		D436912321D81D850061F0F6 /* Info.plist */ = {isa = PBXFileReference; lastKnownFileType = text.plist.xml; path = Info.plist; sourceTree = "<group>"; };
		D436912821D81D850061F0F6 /* dogPhotosUITests.xctest */ = {isa = PBXFileReference; explicitFileType = wrapper.cfbundle; includeInIndex = 0; path = dogPhotosUITests.xctest; sourceTree = BUILT_PRODUCTS_DIR; };
		D436912C21D81D850061F0F6 /* dogPhotosUITests.swift */ = {isa = PBXFileReference; lastKnownFileType = sourcecode.swift; path = dogPhotosUITests.swift; sourceTree = "<group>"; };
		D436912E21D81D850061F0F6 /* Info.plist */ = {isa = PBXFileReference; lastKnownFileType = text.plist.xml; path = Info.plist; sourceTree = "<group>"; };
		D436913B21D821180061F0F6 /* dog.jpg */ = {isa = PBXFileReference; lastKnownFileType = image.jpeg; path = dog.jpg; sourceTree = "<group>"; };
		D661EE54D73E5A3D2DCFC297 /* Pods-dogPhotos.release.xcconfig */ = {isa = PBXFileReference; includeInIndex = 1; lastKnownFileType = text.xcconfig; name = "Pods-dogPhotos.release.xcconfig"; path = "Pods/Target Support Files/Pods-dogPhotos/Pods-dogPhotos.release.xcconfig"; sourceTree = "<group>"; };
/* End PBXFileReference section */

/* Begin PBXFrameworksBuildPhase section */
		D436910621D81D830061F0F6 /* Frameworks */ = {
			isa = PBXFrameworksBuildPhase;
			buildActionMask = 2147483647;
			files = (
				90D33C596F8B63653B4881D7 /* Pods_dogPhotos.framework in Frameworks */,
			);
			runOnlyForDeploymentPostprocessing = 0;
		};
		D436911A21D81D850061F0F6 /* Frameworks */ = {
			isa = PBXFrameworksBuildPhase;
			buildActionMask = 2147483647;
			files = (
				F2C8A271F39B50C4FD36F52B /* Pods_dogPhotosTests.framework in Frameworks */,
			);
			runOnlyForDeploymentPostprocessing = 0;
		};
		D436912521D81D850061F0F6 /* Frameworks */ = {
			isa = PBXFrameworksBuildPhase;
			buildActionMask = 2147483647;
			files = (
				1DF0C4F267FEFCA69C87E8E0 /* Pods_dogPhotosUITests.framework in Frameworks */,
			);
			runOnlyForDeploymentPostprocessing = 0;
		};
/* End PBXFrameworksBuildPhase section */

/* Begin PBXGroup section */
		0093D8006DAB120848F5296C /* Frameworks */ = {
			isa = PBXGroup;
			children = (
				3D17A3A7CB9CE62989852EB1 /* Pods_dogPhotos.framework */,
				8C3B3FCD442ECD83651BD611 /* Pods_dogPhotosTests.framework */,
				85348B67CA5968F2DAE75AEE /* Pods_dogPhotosUITests.framework */,
			);
			name = Frameworks;
			sourceTree = "<group>";
		};
		B91A7F003CBCBA096DDF70F6 /* Pods */ = {
			isa = PBXGroup;
			children = (
				CCBE94CB3FC58E30AA0D5886 /* Pods-dogPhotos.debug.xcconfig */,
				D661EE54D73E5A3D2DCFC297 /* Pods-dogPhotos.release.xcconfig */,
				89CC1ECB84B1760C015E3D5E /* Pods-dogPhotosTests.debug.xcconfig */,
				40994F6AE6E55782C4F63F19 /* Pods-dogPhotosTests.release.xcconfig */,
				6E60605BE97E488A697E07C7 /* Pods-dogPhotosUITests.debug.xcconfig */,
				1B72B97E2017D12519FE502C /* Pods-dogPhotosUITests.release.xcconfig */,
			);
			name = Pods;
			sourceTree = "<group>";
		};
		D436910021D81D830061F0F6 = {
			isa = PBXGroup;
			children = (
				D436910B21D81D830061F0F6 /* dogPhotos */,
				D436912021D81D850061F0F6 /* dogPhotosTests */,
				D436912B21D81D850061F0F6 /* dogPhotosUITests */,
				D436910A21D81D830061F0F6 /* Products */,
				B91A7F003CBCBA096DDF70F6 /* Pods */,
				0093D8006DAB120848F5296C /* Frameworks */,
			);
			sourceTree = "<group>";
		};
		D436910A21D81D830061F0F6 /* Products */ = {
			isa = PBXGroup;
			children = (
				D436910921D81D830061F0F6 /* dogPhotos.app */,
				D436911D21D81D850061F0F6 /* dogPhotosTests.xctest */,
				D436912821D81D850061F0F6 /* dogPhotosUITests.xctest */,
			);
			name = Products;
			sourceTree = "<group>";
		};
		D436910B21D81D830061F0F6 /* dogPhotos */ = {
			isa = PBXGroup;
			children = (
				D436913A21D820E40061F0F6 /* photos */,
				D436910C21D81D830061F0F6 /* AppDelegate.swift */,
				D436910E21D81D830061F0F6 /* DogPhotoVC.swift */,
				D436911021D81D830061F0F6 /* Main.storyboard */,
				D436911321D81D850061F0F6 /* Assets.xcassets */,
				D436911521D81D850061F0F6 /* LaunchScreen.storyboard */,
				D436911821D81D850061F0F6 /* Info.plist */,
			);
			path = dogPhotos;
			sourceTree = "<group>";
		};
		D436912021D81D850061F0F6 /* dogPhotosTests */ = {
			isa = PBXGroup;
			children = (
				D436912121D81D850061F0F6 /* dogPhotosTests.swift */,
				D436912321D81D850061F0F6 /* Info.plist */,
			);
			path = dogPhotosTests;
			sourceTree = "<group>";
		};
		D436912B21D81D850061F0F6 /* dogPhotosUITests */ = {
			isa = PBXGroup;
			children = (
				D436912C21D81D850061F0F6 /* dogPhotosUITests.swift */,
				D436912E21D81D850061F0F6 /* Info.plist */,
			);
			path = dogPhotosUITests;
			sourceTree = "<group>";
		};
		D436913A21D820E40061F0F6 /* photos */ = {
			isa = PBXGroup;
			children = (
				D436913B21D821180061F0F6 /* dog.jpg */,
			);
			path = photos;
			sourceTree = "<group>";
		};
/* End PBXGroup section */

/* Begin PBXNativeTarget section */
		D436910821D81D830061F0F6 /* dogPhotos */ = {
			isa = PBXNativeTarget;
			buildConfigurationList = D436913121D81D850061F0F6 /* Build configuration list for PBXNativeTarget "dogPhotos" */;
			buildPhases = (
				655448FA54AE1AB2ED09E29F /* [CP] Check Pods Manifest.lock */,
				D436910521D81D830061F0F6 /* Sources */,
				D436910621D81D830061F0F6 /* Frameworks */,
				D436910721D81D830061F0F6 /* Resources */,
				7BD57D19FADA9C97AC98474D /* [CP] Embed Pods Frameworks */,
			);
			buildRules = (
			);
			dependencies = (
			);
			name = dogPhotos;
			productName = dogPhotos;
			productReference = D436910921D81D830061F0F6 /* dogPhotos.app */;
			productType = "com.apple.product-type.application";
		};
		D436911C21D81D850061F0F6 /* dogPhotosTests */ = {
			isa = PBXNativeTarget;
			buildConfigurationList = D436913421D81D850061F0F6 /* Build configuration list for PBXNativeTarget "dogPhotosTests" */;
			buildPhases = (
				DA474D7CF3DA85F512FACC08 /* [CP] Check Pods Manifest.lock */,
				D436911921D81D850061F0F6 /* Sources */,
				D436911A21D81D850061F0F6 /* Frameworks */,
				D436911B21D81D850061F0F6 /* Resources */,
			);
			buildRules = (
			);
			dependencies = (
				D436911F21D81D850061F0F6 /* PBXTargetDependency */,
			);
			name = dogPhotosTests;
			productName = dogPhotosTests;
			productReference = D436911D21D81D850061F0F6 /* dogPhotosTests.xctest */;
			productType = "com.apple.product-type.bundle.unit-test";
		};
		D436912721D81D850061F0F6 /* dogPhotosUITests */ = {
			isa = PBXNativeTarget;
			buildConfigurationList = D436913721D81D850061F0F6 /* Build configuration list for PBXNativeTarget "dogPhotosUITests" */;
			buildPhases = (
				E5716A4E377907E3D97B9155 /* [CP] Check Pods Manifest.lock */,
				D436912421D81D850061F0F6 /* Sources */,
				D436912521D81D850061F0F6 /* Frameworks */,
				D436912621D81D850061F0F6 /* Resources */,
			);
			buildRules = (
			);
			dependencies = (
				D436912A21D81D850061F0F6 /* PBXTargetDependency */,
			);
			name = dogPhotosUITests;
			productName = dogPhotosUITests;
			productReference = D436912821D81D850061F0F6 /* dogPhotosUITests.xctest */;
			productType = "com.apple.product-type.bundle.ui-testing";
		};
/* End PBXNativeTarget section */

/* Begin PBXProject section */
		D436910121D81D830061F0F6 /* Project object */ = {
			isa = PBXProject;
			attributes = {
				LastSwiftUpdateCheck = 1010;
				LastUpgradeCheck = 1010;
				ORGANIZATIONNAME = "Destiny Hochhalter";
				TargetAttributes = {
					D436910821D81D830061F0F6 = {
						CreatedOnToolsVersion = 10.1;
					};
					D436911C21D81D850061F0F6 = {
						CreatedOnToolsVersion = 10.1;
						TestTargetID = D436910821D81D830061F0F6;
					};
					D436912721D81D850061F0F6 = {
						CreatedOnToolsVersion = 10.1;
						TestTargetID = D436910821D81D830061F0F6;
					};
				};
			};
			buildConfigurationList = D436910421D81D830061F0F6 /* Build configuration list for PBXProject "dogPhotos" */;
			compatibilityVersion = "Xcode 9.3";
			developmentRegion = en;
			hasScannedForEncodings = 0;
			knownRegions = (
				en,
				Base,
			);
			mainGroup = D436910021D81D830061F0F6;
			productRefGroup = D436910A21D81D830061F0F6 /* Products */;
			projectDirPath = "";
			projectRoot = "";
			targets = (
				D436910821D81D830061F0F6 /* dogPhotos */,
				D436911C21D81D850061F0F6 /* dogPhotosTests */,
				D436912721D81D850061F0F6 /* dogPhotosUITests */,
			);
		};
/* End PBXProject section */

/* Begin PBXResourcesBuildPhase section */
		D436910721D81D830061F0F6 /* Resources */ = {
			isa = PBXResourcesBuildPhase;
			buildActionMask = 2147483647;
			files = (
				D436913C21D821180061F0F6 /* dog.jpg in Resources */,
				D436911721D81D850061F0F6 /* LaunchScreen.storyboard in Resources */,
				D436911421D81D850061F0F6 /* Assets.xcassets in Resources */,
				D436911221D81D830061F0F6 /* Main.storyboard in Resources */,
			);
			runOnlyForDeploymentPostprocessing = 0;
		};
		D436911B21D81D850061F0F6 /* Resources */ = {
			isa = PBXResourcesBuildPhase;
			buildActionMask = 2147483647;
			files = (
			);
			runOnlyForDeploymentPostprocessing = 0;
		};
		D436912621D81D850061F0F6 /* Resources */ = {
			isa = PBXResourcesBuildPhase;
			buildActionMask = 2147483647;
			files = (
			);
			runOnlyForDeploymentPostprocessing = 0;
		};
/* End PBXResourcesBuildPhase section */

/* Begin PBXShellScriptBuildPhase section */
		655448FA54AE1AB2ED09E29F /* [CP] Check Pods Manifest.lock */ = {
			isa = PBXShellScriptBuildPhase;
			buildActionMask = 2147483647;
			files = (
			);
			inputFileListPaths = (
			);
			inputPaths = (
				"${PODS_PODFILE_DIR_PATH}/Podfile.lock",
				"${PODS_ROOT}/Manifest.lock",
			);
			name = "[CP] Check Pods Manifest.lock";
			outputFileListPaths = (
			);
			outputPaths = (
				"$(DERIVED_FILE_DIR)/Pods-dogPhotos-checkManifestLockResult.txt",
			);
			runOnlyForDeploymentPostprocessing = 0;
			shellPath = /bin/sh;
			shellScript = "diff \"${PODS_PODFILE_DIR_PATH}/Podfile.lock\" \"${PODS_ROOT}/Manifest.lock\" > /dev/null\nif [ $? != 0 ] ; then\n    # print error to STDERR\n    echo \"error: The sandbox is not in sync with the Podfile.lock. Run 'pod install' or update your CocoaPods installation.\" >&2\n    exit 1\nfi\n# This output is used by Xcode 'outputs' to avoid re-running this script phase.\necho \"SUCCESS\" > \"${SCRIPT_OUTPUT_FILE_0}\"\n";
			showEnvVarsInLog = 0;
		};
		7BD57D19FADA9C97AC98474D /* [CP] Embed Pods Frameworks */ = {
			isa = PBXShellScriptBuildPhase;
			buildActionMask = 2147483647;
			files = (
			);
			inputFileListPaths = (
			);
			inputPaths = (
				"${SRCROOT}/Pods/Target Support Files/Pods-dogPhotos/Pods-dogPhotos-frameworks.sh",
				"${BUILT_PRODUCTS_DIR}/ChameleonFramework/ChameleonFramework.framework",
				"${BUILT_PRODUCTS_DIR}/Kingfisher/Kingfisher.framework",
			);
			name = "[CP] Embed Pods Frameworks";
			outputFileListPaths = (
			);
			outputPaths = (
				"${TARGET_BUILD_DIR}/${FRAMEWORKS_FOLDER_PATH}/ChameleonFramework.framework",
				"${TARGET_BUILD_DIR}/${FRAMEWORKS_FOLDER_PATH}/Kingfisher.framework",
			);
			runOnlyForDeploymentPostprocessing = 0;
			shellPath = /bin/sh;
			shellScript = "\"${SRCROOT}/Pods/Target Support Files/Pods-dogPhotos/Pods-dogPhotos-frameworks.sh\"\n";
			showEnvVarsInLog = 0;
		};
		DA474D7CF3DA85F512FACC08 /* [CP] Check Pods Manifest.lock */ = {
			isa = PBXShellScriptBuildPhase;
			buildActionMask = 2147483647;
			files = (
			);
			inputFileListPaths = (
			);
			inputPaths = (
				"${PODS_PODFILE_DIR_PATH}/Podfile.lock",
				"${PODS_ROOT}/Manifest.lock",
			);
			name = "[CP] Check Pods Manifest.lock";
			outputFileListPaths = (
			);
			outputPaths = (
				"$(DERIVED_FILE_DIR)/Pods-dogPhotosTests-checkManifestLockResult.txt",
			);
			runOnlyForDeploymentPostprocessing = 0;
			shellPath = /bin/sh;
			shellScript = "diff \"${PODS_PODFILE_DIR_PATH}/Podfile.lock\" \"${PODS_ROOT}/Manifest.lock\" > /dev/null\nif [ $? != 0 ] ; then\n    # print error to STDERR\n    echo \"error: The sandbox is not in sync with the Podfile.lock. Run 'pod install' or update your CocoaPods installation.\" >&2\n    exit 1\nfi\n# This output is used by Xcode 'outputs' to avoid re-running this script phase.\necho \"SUCCESS\" > \"${SCRIPT_OUTPUT_FILE_0}\"\n";
			showEnvVarsInLog = 0;
		};
		E5716A4E377907E3D97B9155 /* [CP] Check Pods Manifest.lock */ = {
			isa = PBXShellScriptBuildPhase;
			buildActionMask = 2147483647;
			files = (
			);
			inputFileListPaths = (
			);
			inputPaths = (
				"${PODS_PODFILE_DIR_PATH}/Podfile.lock",
				"${PODS_ROOT}/Manifest.lock",
			);
			name = "[CP] Check Pods Manifest.lock";
			outputFileListPaths = (
			);
			outputPaths = (
				"$(DERIVED_FILE_DIR)/Pods-dogPhotosUITests-checkManifestLockResult.txt",
			);
			runOnlyForDeploymentPostprocessing = 0;
			shellPath = /bin/sh;
			shellScript = "diff \"${PODS_PODFILE_DIR_PATH}/Podfile.lock\" \"${PODS_ROOT}/Manifest.lock\" > /dev/null\nif [ $? != 0 ] ; then\n    # print error to STDERR\n    echo \"error: The sandbox is not in sync with the Podfile.lock. Run 'pod install' or update your CocoaPods installation.\" >&2\n    exit 1\nfi\n# This output is used by Xcode 'outputs' to avoid re-running this script phase.\necho \"SUCCESS\" > \"${SCRIPT_OUTPUT_FILE_0}\"\n";
			showEnvVarsInLog = 0;
		};
/* End PBXShellScriptBuildPhase section */

/* Begin PBXSourcesBuildPhase section */
		D436910521D81D830061F0F6 /* Sources */ = {
			isa = PBXSourcesBuildPhase;
			buildActionMask = 2147483647;
			files = (
				D436910F21D81D830061F0F6 /* DogPhotoVC.swift in Sources */,
				D436910D21D81D830061F0F6 /* AppDelegate.swift in Sources */,
			);
			runOnlyForDeploymentPostprocessing = 0;
		};
		D436911921D81D850061F0F6 /* Sources */ = {
			isa = PBXSourcesBuildPhase;
			buildActionMask = 2147483647;
			files = (
				D436912221D81D850061F0F6 /* dogPhotosTests.swift in Sources */,
			);
			runOnlyForDeploymentPostprocessing = 0;
		};
		D436912421D81D850061F0F6 /* Sources */ = {
			isa = PBXSourcesBuildPhase;
			buildActionMask = 2147483647;
			files = (
				D436912D21D81D850061F0F6 /* dogPhotosUITests.swift in Sources */,
			);
			runOnlyForDeploymentPostprocessing = 0;
		};
/* End PBXSourcesBuildPhase section */

/* Begin PBXTargetDependency section */
		D436911F21D81D850061F0F6 /* PBXTargetDependency */ = {
			isa = PBXTargetDependency;
			target = D436910821D81D830061F0F6 /* dogPhotos */;
			targetProxy = D436911E21D81D850061F0F6 /* PBXContainerItemProxy */;
		};
		D436912A21D81D850061F0F6 /* PBXTargetDependency */ = {
			isa = PBXTargetDependency;
			target = D436910821D81D830061F0F6 /* dogPhotos */;
			targetProxy = D436912921D81D850061F0F6 /* PBXContainerItemProxy */;
		};
/* End PBXTargetDependency section */

/* Begin PBXVariantGroup section */
		D436911021D81D830061F0F6 /* Main.storyboard */ = {
			isa = PBXVariantGroup;
			children = (
				D436911121D81D830061F0F6 /* Base */,
			);
			name = Main.storyboard;
			sourceTree = "<group>";
		};
		D436911521D81D850061F0F6 /* LaunchScreen.storyboard */ = {
			isa = PBXVariantGroup;
			children = (
				D436911621D81D850061F0F6 /* Base */,
			);
			name = LaunchScreen.storyboard;
			sourceTree = "<group>";
		};
/* End PBXVariantGroup section */

/* Begin XCBuildConfiguration section */
		D436912F21D81D850061F0F6 /* Debug */ = {
			isa = XCBuildConfiguration;
			buildSettings = {
				ALWAYS_SEARCH_USER_PATHS = NO;
				CLANG_ANALYZER_NONNULL = YES;
				CLANG_ANALYZER_NUMBER_OBJECT_CONVERSION = YES_AGGRESSIVE;
				CLANG_CXX_LANGUAGE_STANDARD = "gnu++14";
				CLANG_CXX_LIBRARY = "libc++";
				CLANG_ENABLE_MODULES = YES;
				CLANG_ENABLE_OBJC_ARC = YES;
				CLANG_ENABLE_OBJC_WEAK = YES;
				CLANG_WARN_BLOCK_CAPTURE_AUTORELEASING = YES;
				CLANG_WARN_BOOL_CONVERSION = YES;
				CLANG_WARN_COMMA = YES;
				CLANG_WARN_CONSTANT_CONVERSION = YES;
				CLANG_WARN_DEPRECATED_OBJC_IMPLEMENTATIONS = YES;
				CLANG_WARN_DIRECT_OBJC_ISA_USAGE = YES_ERROR;
				CLANG_WARN_DOCUMENTATION_COMMENTS = YES;
				CLANG_WARN_EMPTY_BODY = YES;
				CLANG_WARN_ENUM_CONVERSION = YES;
				CLANG_WARN_INFINITE_RECURSION = YES;
				CLANG_WARN_INT_CONVERSION = YES;
				CLANG_WARN_NON_LITERAL_NULL_CONVERSION = YES;
				CLANG_WARN_OBJC_IMPLICIT_RETAIN_SELF = YES;
				CLANG_WARN_OBJC_LITERAL_CONVERSION = YES;
				CLANG_WARN_OBJC_ROOT_CLASS = YES_ERROR;
				CLANG_WARN_RANGE_LOOP_ANALYSIS = YES;
				CLANG_WARN_STRICT_PROTOTYPES = YES;
				CLANG_WARN_SUSPICIOUS_MOVE = YES;
				CLANG_WARN_UNGUARDED_AVAILABILITY = YES_AGGRESSIVE;
				CLANG_WARN_UNREACHABLE_CODE = YES;
				CLANG_WARN__DUPLICATE_METHOD_MATCH = YES;
				CODE_SIGN_IDENTITY = "iPhone Developer";
				COPY_PHASE_STRIP = NO;
				DEBUG_INFORMATION_FORMAT = dwarf;
				ENABLE_STRICT_OBJC_MSGSEND = YES;
				ENABLE_TESTABILITY = YES;
				GCC_C_LANGUAGE_STANDARD = gnu11;
				GCC_DYNAMIC_NO_PIC = NO;
				GCC_NO_COMMON_BLOCKS = YES;
				GCC_OPTIMIZATION_LEVEL = 0;
				GCC_PREPROCESSOR_DEFINITIONS = (
					"DEBUG=1",
					"$(inherited)",
				);
				GCC_WARN_64_TO_32_BIT_CONVERSION = YES;
				GCC_WARN_ABOUT_RETURN_TYPE = YES_ERROR;
				GCC_WARN_UNDECLARED_SELECTOR = YES;
				GCC_WARN_UNINITIALIZED_AUTOS = YES_AGGRESSIVE;
				GCC_WARN_UNUSED_FUNCTION = YES;
				GCC_WARN_UNUSED_VARIABLE = YES;
				IPHONEOS_DEPLOYMENT_TARGET = 12.1;
				MTL_ENABLE_DEBUG_INFO = INCLUDE_SOURCE;
				MTL_FAST_MATH = YES;
				ONLY_ACTIVE_ARCH = YES;
				SDKROOT = iphoneos;
				SWIFT_ACTIVE_COMPILATION_CONDITIONS = DEBUG;
				SWIFT_OPTIMIZATION_LEVEL = "-Onone";
			};
			name = Debug;
		};
		D436913021D81D850061F0F6 /* Release */ = {
			isa = XCBuildConfiguration;
			buildSettings = {
				ALWAYS_SEARCH_USER_PATHS = NO;
				CLANG_ANALYZER_NONNULL = YES;
				CLANG_ANALYZER_NUMBER_OBJECT_CONVERSION = YES_AGGRESSIVE;
				CLANG_CXX_LANGUAGE_STANDARD = "gnu++14";
				CLANG_CXX_LIBRARY = "libc++";
				CLANG_ENABLE_MODULES = YES;
				CLANG_ENABLE_OBJC_ARC = YES;
				CLANG_ENABLE_OBJC_WEAK = YES;
				CLANG_WARN_BLOCK_CAPTURE_AUTORELEASING = YES;
				CLANG_WARN_BOOL_CONVERSION = YES;
				CLANG_WARN_COMMA = YES;
				CLANG_WARN_CONSTANT_CONVERSION = YES;
				CLANG_WARN_DEPRECATED_OBJC_IMPLEMENTATIONS = YES;
				CLANG_WARN_DIRECT_OBJC_ISA_USAGE = YES_ERROR;
				CLANG_WARN_DOCUMENTATION_COMMENTS = YES;
				CLANG_WARN_EMPTY_BODY = YES;
				CLANG_WARN_ENUM_CONVERSION = YES;
				CLANG_WARN_INFINITE_RECURSION = YES;
				CLANG_WARN_INT_CONVERSION = YES;
				CLANG_WARN_NON_LITERAL_NULL_CONVERSION = YES;
				CLANG_WARN_OBJC_IMPLICIT_RETAIN_SELF = YES;
				CLANG_WARN_OBJC_LITERAL_CONVERSION = YES;
				CLANG_WARN_OBJC_ROOT_CLASS = YES_ERROR;
				CLANG_WARN_RANGE_LOOP_ANALYSIS = YES;
				CLANG_WARN_STRICT_PROTOTYPES = YES;
				CLANG_WARN_SUSPICIOUS_MOVE = YES;
				CLANG_WARN_UNGUARDED_AVAILABILITY = YES_AGGRESSIVE;
				CLANG_WARN_UNREACHABLE_CODE = YES;
				CLANG_WARN__DUPLICATE_METHOD_MATCH = YES;
				CODE_SIGN_IDENTITY = "iPhone Developer";
				COPY_PHASE_STRIP = NO;
				DEBUG_INFORMATION_FORMAT = "dwarf-with-dsym";
				ENABLE_NS_ASSERTIONS = NO;
				ENABLE_STRICT_OBJC_MSGSEND = YES;
				GCC_C_LANGUAGE_STANDARD = gnu11;
				GCC_NO_COMMON_BLOCKS = YES;
				GCC_WARN_64_TO_32_BIT_CONVERSION = YES;
				GCC_WARN_ABOUT_RETURN_TYPE = YES_ERROR;
				GCC_WARN_UNDECLARED_SELECTOR = YES;
				GCC_WARN_UNINITIALIZED_AUTOS = YES_AGGRESSIVE;
				GCC_WARN_UNUSED_FUNCTION = YES;
				GCC_WARN_UNUSED_VARIABLE = YES;
				IPHONEOS_DEPLOYMENT_TARGET = 12.1;
				MTL_ENABLE_DEBUG_INFO = NO;
				MTL_FAST_MATH = YES;
				SDKROOT = iphoneos;
				SWIFT_COMPILATION_MODE = wholemodule;
				SWIFT_OPTIMIZATION_LEVEL = "-O";
				VALIDATE_PRODUCT = YES;
			};
			name = Release;
		};
		D436913221D81D850061F0F6 /* Debug */ = {
			isa = XCBuildConfiguration;
			baseConfigurationReference = CCBE94CB3FC58E30AA0D5886 /* Pods-dogPhotos.debug.xcconfig */;
			buildSettings = {
				ASSETCATALOG_COMPILER_APPICON_NAME = AppIcon;
				CODE_SIGN_STYLE = Automatic;
				DEVELOPMENT_TEAM = 6DJ78292P6;
				INFOPLIST_FILE = dogPhotos/Info.plist;
				IPHONEOS_DEPLOYMENT_TARGET = 11.0;
				LD_RUNPATH_SEARCH_PATHS = (
					"$(inherited)",
					"@executable_path/Frameworks",
				);
				PRODUCT_BUNDLE_IDENTIFIER = Project.dogPhotos;
				PRODUCT_NAME = "$(TARGET_NAME)";
				SWIFT_VERSION = 4.2;
				TARGETED_DEVICE_FAMILY = 1;
			};
			name = Debug;
		};
		D436913321D81D850061F0F6 /* Release */ = {
			isa = XCBuildConfiguration;
			baseConfigurationReference = D661EE54D73E5A3D2DCFC297 /* Pods-dogPhotos.release.xcconfig */;
			buildSettings = {
				ASSETCATALOG_COMPILER_APPICON_NAME = AppIcon;
				CODE_SIGN_STYLE = Automatic;
				DEVELOPMENT_TEAM = 6DJ78292P6;
				INFOPLIST_FILE = dogPhotos/Info.plist;
				IPHONEOS_DEPLOYMENT_TARGET = 11.0;
				LD_RUNPATH_SEARCH_PATHS = (
					"$(inherited)",
					"@executable_path/Frameworks",
				);
				PRODUCT_BUNDLE_IDENTIFIER = Project.dogPhotos;
				PRODUCT_NAME = "$(TARGET_NAME)";
				SWIFT_VERSION = 4.2;
				TARGETED_DEVICE_FAMILY = 1;
			};
			name = Release;
		};
		D436913521D81D850061F0F6 /* Debug */ = {
			isa = XCBuildConfiguration;
			baseConfigurationReference = 89CC1ECB84B1760C015E3D5E /* Pods-dogPhotosTests.debug.xcconfig */;
			buildSettings = {
				ALWAYS_EMBED_SWIFT_STANDARD_LIBRARIES = YES;
				BUNDLE_LOADER = "$(TEST_HOST)";
				CODE_SIGN_STYLE = Automatic;
				INFOPLIST_FILE = dogPhotosTests/Info.plist;
				LD_RUNPATH_SEARCH_PATHS = (
					"$(inherited)",
					"@executable_path/Frameworks",
					"@loader_path/Frameworks",
				);
				PRODUCT_BUNDLE_IDENTIFIER = Project.dogPhotosTests;
				PRODUCT_NAME = "$(TARGET_NAME)";
				SWIFT_VERSION = 4.2;
				TARGETED_DEVICE_FAMILY = "1,2";
				TEST_HOST = "$(BUILT_PRODUCTS_DIR)/dogPhotos.app/dogPhotos";
			};
			name = Debug;
		};
		D436913621D81D850061F0F6 /* Release */ = {
			isa = XCBuildConfiguration;
			baseConfigurationReference = 40994F6AE6E55782C4F63F19 /* Pods-dogPhotosTests.release.xcconfig */;
			buildSettings = {
				ALWAYS_EMBED_SWIFT_STANDARD_LIBRARIES = YES;
				BUNDLE_LOADER = "$(TEST_HOST)";
				CODE_SIGN_STYLE = Automatic;
				INFOPLIST_FILE = dogPhotosTests/Info.plist;
				LD_RUNPATH_SEARCH_PATHS = (
					"$(inherited)",
					"@executable_path/Frameworks",
					"@loader_path/Frameworks",
				);
				PRODUCT_BUNDLE_IDENTIFIER = Project.dogPhotosTests;
				PRODUCT_NAME = "$(TARGET_NAME)";
				SWIFT_VERSION = 4.2;
				TARGETED_DEVICE_FAMILY = "1,2";
				TEST_HOST = "$(BUILT_PRODUCTS_DIR)/dogPhotos.app/dogPhotos";
			};
			name = Release;
		};
		D436913821D81D850061F0F6 /* Debug */ = {
			isa = XCBuildConfiguration;
			baseConfigurationReference = 6E60605BE97E488A697E07C7 /* Pods-dogPhotosUITests.debug.xcconfig */;
			buildSettings = {
				ALWAYS_EMBED_SWIFT_STANDARD_LIBRARIES = YES;
				CODE_SIGN_STYLE = Automatic;
				INFOPLIST_FILE = dogPhotosUITests/Info.plist;
				LD_RUNPATH_SEARCH_PATHS = (
					"$(inherited)",
					"@executable_path/Frameworks",
					"@loader_path/Frameworks",
				);
				PRODUCT_BUNDLE_IDENTIFIER = Project.dogPhotosUITests;
				PRODUCT_NAME = "$(TARGET_NAME)";
				SWIFT_VERSION = 4.2;
				TARGETED_DEVICE_FAMILY = "1,2";
				TEST_TARGET_NAME = dogPhotos;
			};
			name = Debug;
		};
		D436913921D81D850061F0F6 /* Release */ = {
			isa = XCBuildConfiguration;
			baseConfigurationReference = 1B72B97E2017D12519FE502C /* Pods-dogPhotosUITests.release.xcconfig */;
			buildSettings = {
				ALWAYS_EMBED_SWIFT_STANDARD_LIBRARIES = YES;
				CODE_SIGN_STYLE = Automatic;
				INFOPLIST_FILE = dogPhotosUITests/Info.plist;
				LD_RUNPATH_SEARCH_PATHS = (
					"$(inherited)",
					"@executable_path/Frameworks",
					"@loader_path/Frameworks",
				);
				PRODUCT_BUNDLE_IDENTIFIER = Project.dogPhotosUITests;
				PRODUCT_NAME = "$(TARGET_NAME)";
				SWIFT_VERSION = 4.2;
				TARGETED_DEVICE_FAMILY = "1,2";
				TEST_TARGET_NAME = dogPhotos;
			};
			name = Release;
		};
/* End XCBuildConfiguration section */

/* Begin XCConfigurationList section */
		D436910421D81D830061F0F6 /* Build configuration list for PBXProject "dogPhotos" */ = {
			isa = XCConfigurationList;
			buildConfigurations = (
				D436912F21D81D850061F0F6 /* Debug */,
				D436913021D81D850061F0F6 /* Release */,
			);
			defaultConfigurationIsVisible = 0;
			defaultConfigurationName = Release;
		};
		D436913121D81D850061F0F6 /* Build configuration list for PBXNativeTarget "dogPhotos" */ = {
			isa = XCConfigurationList;
			buildConfigurations = (
				D436913221D81D850061F0F6 /* Debug */,
				D436913321D81D850061F0F6 /* Release */,
			);
			defaultConfigurationIsVisible = 0;
			defaultConfigurationName = Release;
		};
		D436913421D81D850061F0F6 /* Build configuration list for PBXNativeTarget "dogPhotosTests" */ = {
			isa = XCConfigurationList;
			buildConfigurations = (
				D436913521D81D850061F0F6 /* Debug */,
				D436913621D81D850061F0F6 /* Release */,
			);
			defaultConfigurationIsVisible = 0;
			defaultConfigurationName = Release;
		};
		D436913721D81D850061F0F6 /* Build configuration list for PBXNativeTarget "dogPhotosUITests" */ = {
			isa = XCConfigurationList;
			buildConfigurations = (
				D436913821D81D850061F0F6 /* Debug */,
				D436913921D81D850061F0F6 /* Release */,
			);
			defaultConfigurationIsVisible = 0;
			defaultConfigurationName = Release;
		};
/* End XCConfigurationList section */
	};
	rootObject = D436910121D81D830061F0F6 /* Project object */;
}
